
Microsoft Visual Studio Solution File, Format Version 12.00
# Visual Studio 15
VisualStudioVersion = 15.0.26730.16
MinimumVisualStudioVersion = 10.0.40219.1
Project("{00D1A9C2-B5F0-4AF3-8072-F6C62B433612}") = "VoloApi.Database", "VoloApi.Database\VoloApi.Database.sqlproj", "{8450434D-305F-4E9C-B4E2-4E08FCCA36B5}"
EndProject
Project("{FAE04EC0-301F-11D3-BF4B-00C04F79EFBC}") = "VoloApi.Entities", "VoloApi.Entities\VoloApi.Entities.csproj", "{AAFE32FC-0EC0-417D-AD6B-C027E8ED396F}"
EndProject
Project("{FAE04EC0-301F-11D3-BF4B-00C04F79EFBC}") = "VoloApi.Services", "VoloApi.Services\VoloApi.Services.csproj", "{1E5711B6-4705-43A7-A435-A3D9E44D6D7C}"
EndProject
Global
	GlobalSection(SolutionConfigurationPlatforms) = preSolution
		Debug|Any CPU = Debug|Any CPU
		Release|Any CPU = Release|Any CPU
	EndGlobalSection
	GlobalSection(ProjectConfigurationPlatforms) = postSolution
		{8450434D-305F-4E9C-B4E2-4E08FCCA36B5}.Debug|Any CPU.ActiveCfg = Debug|Any CPU
		{8450434D-305F-4E9C-B4E2-4E08FCCA36B5}.Debug|Any CPU.Build.0 = Debug|Any CPU
		{8450434D-305F-4E9C-B4E2-4E08FCCA36B5}.Debug|Any CPU.Deploy.0 = Debug|Any CPU
		{8450434D-305F-4E9C-B4E2-4E08FCCA36B5}.Release|Any CPU.ActiveCfg = Release|Any CPU
		{8450434D-305F-4E9C-B4E2-4E08FCCA36B5}.Release|Any CPU.Build.0 = Release|Any CPU
		{8450434D-305F-4E9C-B4E2-4E08FCCA36B5}.Release|Any CPU.Deploy.0 = Release|Any CPU
		{AAFE32FC-0EC0-417D-AD6B-C027E8ED396F}.Debug|Any CPU.ActiveCfg = Debug|Any CPU
		{AAFE32FC-0EC0-417D-AD6B-C027E8ED396F}.Debug|Any CPU.Build.0 = Debug|Any CPU
		{AAFE32FC-0EC0-417D-AD6B-C027E8ED396F}.Release|Any CPU.ActiveCfg = Release|Any CPU
		{AAFE32FC-0EC0-417D-AD6B-C027E8ED396F}.Release|Any CPU.Build.0 = Release|Any CPU
		{1E5711B6-4705-43A7-A435-A3D9E44D6D7C}.Debug|Any CPU.ActiveCfg = Debug|Any CPU
		{1E5711B6-4705-43A7-A435-A3D9E44D6D7C}.Debug|Any CPU.Build.0 = Debug|Any CPU
		{1E5711B6-4705-43A7-A435-A3D9E44D6D7C}.Release|Any CPU.ActiveCfg = Release|Any CPU
		{1E5711B6-4705-43A7-A435-A3D9E44D6D7C}.Release|Any CPU.Build.0 = Release|Any CPU
	EndGlobalSection
	GlobalSection(SolutionProperties) = preSolution
		HideSolutionNode = FALSE
	EndGlobalSection
	GlobalSection(ExtensibilityGlobals) = postSolution
		SolutionGuid = {81DE7F0A-39AB-4517-888A-689848344623}
	EndGlobalSection
EndGlobal
